
Microsoft Visual Studio Solution File, Format Version 12.00
# Visual Studio Version 17
VisualStudioVersion = 17.8.34525.116
MinimumVisualStudioVersion = 10.0.40219.1
Project("{FAE04EC0-301F-11D3-BF4B-00C04F79EFBC}") = "PROG6216(CMCS-POE)", "PROG6216(CMCS-POE)\PROG6216(CMCS-POE).csproj", "{CBAE8AEC-FC4F-4573-A40C-FE9462BE9904}"
EndProject
Global
	GlobalSection(SolutionConfigurationPlatforms) = preSolution
		Debug|Any CPU = Debug|Any CPU
		Release|Any CPU = Release|Any CPU
	EndGlobalSection
	GlobalSection(ProjectConfigurationPlatforms) = postSolution
		{CBAE8AEC-FC4F-4573-A40C-FE9462BE9904}.Debug|Any CPU.ActiveCfg = Debug|Any CPU
		{CBAE8AEC-FC4F-4573-A40C-FE9462BE9904}.Debug|Any CPU.Build.0 = Debug|Any CPU
		{CBAE8AEC-FC4F-4573-A40C-FE9462BE9904}.Release|Any CPU.ActiveCfg = Release|Any CPU
		{CBAE8AEC-FC4F-4573-A40C-FE9462BE9904}.Release|Any CPU.Build.0 = Release|Any CPU
	EndGlobalSection
	GlobalSection(SolutionProperties) = preSolution
		HideSolutionNode = FALSE
	EndGlobalSection
	GlobalSection(ExtensibilityGlobals) = postSolution
		SolutionGuid = {66D35277-2179-4175-9BCB-EC6FC493CCD3}
	EndGlobalSection
EndGlobal
